// !$*UTF8*$!
{
	archiveVersion = 1;
	classes = {
	};
	objectVersion = 50;
	objects = {

/* Begin PBXBuildFile section */
		2004841122A110A00019F2EF /* UIViewController+extension.swift in Sources */ = {isa = PBXBuildFile; fileRef = 2004841022A110A00019F2EF /* UIViewController+extension.swift */; };
		2004841322A1133D0019F2EF /* WDImageDownloadManager.swift in Sources */ = {isa = PBXBuildFile; fileRef = 2004841222A1133D0019F2EF /* WDImageDownloadManager.swift */; };
		2004841622A116230019F2EF /* WDOperation.swift in Sources */ = {isa = PBXBuildFile; fileRef = 2004841522A116230019F2EF /* WDOperation.swift */; };
		2009561F229F3E7F0044CD32 /* WDEventViewModel.swift in Sources */ = {isa = PBXBuildFile; fileRef = 2009561E229F3E7F0044CD32 /* WDEventViewModel.swift */; };
		20095622229F3EA00044CD32 /* WDEventsAPI.swift in Sources */ = {isa = PBXBuildFile; fileRef = 20095621229F3EA00044CD32 /* WDEventsAPI.swift */; };
		20095624229F42BD0044CD32 /* WDEvents.swift in Sources */ = {isa = PBXBuildFile; fileRef = 20095623229F42BD0044CD32 /* WDEvents.swift */; };
		2055EC2822A089B80089612B /* WDEventOnMapViewController.swift in Sources */ = {isa = PBXBuildFile; fileRef = 2055EC2722A089B80089612B /* WDEventOnMapViewController.swift */; };
		2055EC2A22A090300089612B /* WDEventAnnotation.swift in Sources */ = {isa = PBXBuildFile; fileRef = 2055EC2922A090300089612B /* WDEventAnnotation.swift */; };
		2055EC2C22A09C600089612B /* WDEventOnMapViewModel.swift in Sources */ = {isa = PBXBuildFile; fileRef = 2055EC2B22A09C600089612B /* WDEventOnMapViewModel.swift */; };
		2055EC2E22A09C7C0089612B /* WDEventOnMapViewModelProtocol.swift in Sources */ = {isa = PBXBuildFile; fileRef = 2055EC2D22A09C7C0089612B /* WDEventOnMapViewModelProtocol.swift */; };
		2055EC3322A0BACF0089612B /* WDEventDetailsViewModel.swift in Sources */ = {isa = PBXBuildFile; fileRef = 2055EC3222A0BACF0089612B /* WDEventDetailsViewModel.swift */; };
		2055EC3622A0BB020089612B /* WDEventDetailsViewModelProtocol.swift in Sources */ = {isa = PBXBuildFile; fileRef = 2055EC3522A0BB020089612B /* WDEventDetailsViewModelProtocol.swift */; };
		2055EC3822A0BB8D0089612B /* WDConstants.swift in Sources */ = {isa = PBXBuildFile; fileRef = 2055EC3722A0BB8D0089612B /* WDConstants.swift */; };
		2055EC3A22A0CA710089612B /* WDEventViewModelProtocol.swift in Sources */ = {isa = PBXBuildFile; fileRef = 2055EC3922A0CA710089612B /* WDEventViewModelProtocol.swift */; };
		2055EC3C22A0CEBD0089612B /* WDEventViewControllerConfigurator.swift in Sources */ = {isa = PBXBuildFile; fileRef = 2055EC3B22A0CEBD0089612B /* WDEventViewControllerConfigurator.swift */; };
		C70CA38922A00BCA00CAF4B2 /* SF-Pro-Text-Medium.otf in Resources */ = {isa = PBXBuildFile; fileRef = C70CA38722A00BC700CAF4B2 /* SF-Pro-Text-Medium.otf */; };
		C70CA38A22A00BCA00CAF4B2 /* SF-Pro-Text-Regular.otf in Resources */ = {isa = PBXBuildFile; fileRef = C70CA38622A00BC700CAF4B2 /* SF-Pro-Text-Regular.otf */; };
		C70CA38B22A00BCA00CAF4B2 /* SF-Pro-Text-Semibold.otf in Resources */ = {isa = PBXBuildFile; fileRef = C70CA38822A00BC700CAF4B2 /* SF-Pro-Text-Semibold.otf */; };
		C70CA39222A0103100CAF4B2 /* WDEventDetailsViewController.swift in Sources */ = {isa = PBXBuildFile; fileRef = C70CA39122A0103100CAF4B2 /* WDEventDetailsViewController.swift */; };
		C7E30CAA229F008A001D4AAC /* AppDelegate.swift in Sources */ = {isa = PBXBuildFile; fileRef = C7E30CA9229F008A001D4AAC /* AppDelegate.swift */; };
		C7E30CAC229F008A001D4AAC /* WDEventsViewController.swift in Sources */ = {isa = PBXBuildFile; fileRef = C7E30CAB229F008A001D4AAC /* WDEventsViewController.swift */; };
		C7E30CAF229F008A001D4AAC /* WDScreens.storyboard in Resources */ = {isa = PBXBuildFile; fileRef = C7E30CAD229F008A001D4AAC /* WDScreens.storyboard */; };
		C7E30CB1229F008B001D4AAC /* Assets.xcassets in Resources */ = {isa = PBXBuildFile; fileRef = C7E30CB0229F008B001D4AAC /* Assets.xcassets */; };
		C7E30CB4229F008B001D4AAC /* LaunchScreen.storyboard in Resources */ = {isa = PBXBuildFile; fileRef = C7E30CB2229F008B001D4AAC /* LaunchScreen.storyboard */; };
		C7E30CBF229F05C4001D4AAC /* WDEvent.swift in Sources */ = {isa = PBXBuildFile; fileRef = C7E30CBE229F05C4001D4AAC /* WDEvent.swift */; };
		C7E30CC1229F0639001D4AAC /* WDListEventsCell.swift in Sources */ = {isa = PBXBuildFile; fileRef = C7E30CC0229F0639001D4AAC /* WDListEventsCell.swift */; };
		C7E30CC8229F1904001D4AAC /* WDEventsDataSource.swift in Sources */ = {isa = PBXBuildFile; fileRef = C7E30CC7229F1904001D4AAC /* WDEventsDataSource.swift */; };
/* End PBXBuildFile section */

/* Begin PBXFileReference section */
		2004841022A110A00019F2EF /* UIViewController+extension.swift */ = {isa = PBXFileReference; lastKnownFileType = sourcecode.swift; path = "UIViewController+extension.swift"; sourceTree = "<group>"; };
		2004841222A1133D0019F2EF /* WDImageDownloadManager.swift */ = {isa = PBXFileReference; lastKnownFileType = sourcecode.swift; path = WDImageDownloadManager.swift; sourceTree = "<group>"; };
		2004841522A116230019F2EF /* WDOperation.swift */ = {isa = PBXFileReference; lastKnownFileType = sourcecode.swift; path = WDOperation.swift; sourceTree = "<group>"; };
		2009561E229F3E7F0044CD32 /* WDEventViewModel.swift */ = {isa = PBXFileReference; lastKnownFileType = sourcecode.swift; path = WDEventViewModel.swift; sourceTree = "<group>"; };
		20095621229F3EA00044CD32 /* WDEventsAPI.swift */ = {isa = PBXFileReference; lastKnownFileType = sourcecode.swift; path = WDEventsAPI.swift; sourceTree = "<group>"; };
		20095623229F42BD0044CD32 /* WDEvents.swift */ = {isa = PBXFileReference; lastKnownFileType = sourcecode.swift; path = WDEvents.swift; sourceTree = "<group>"; };
		2055EC2722A089B80089612B /* WDEventOnMapViewController.swift */ = {isa = PBXFileReference; lastKnownFileType = sourcecode.swift; path = WDEventOnMapViewController.swift; sourceTree = "<group>"; };
		2055EC2922A090300089612B /* WDEventAnnotation.swift */ = {isa = PBXFileReference; lastKnownFileType = sourcecode.swift; path = WDEventAnnotation.swift; sourceTree = "<group>"; };
		2055EC2B22A09C600089612B /* WDEventOnMapViewModel.swift */ = {isa = PBXFileReference; lastKnownFileType = sourcecode.swift; path = WDEventOnMapViewModel.swift; sourceTree = "<group>"; };
		2055EC2D22A09C7C0089612B /* WDEventOnMapViewModelProtocol.swift */ = {isa = PBXFileReference; lastKnownFileType = sourcecode.swift; path = WDEventOnMapViewModelProtocol.swift; sourceTree = "<group>"; };
		2055EC3222A0BACF0089612B /* WDEventDetailsViewModel.swift */ = {isa = PBXFileReference; lastKnownFileType = sourcecode.swift; path = WDEventDetailsViewModel.swift; sourceTree = "<group>"; };
		2055EC3522A0BB020089612B /* WDEventDetailsViewModelProtocol.swift */ = {isa = PBXFileReference; lastKnownFileType = sourcecode.swift; path = WDEventDetailsViewModelProtocol.swift; sourceTree = "<group>"; };
		2055EC3722A0BB8D0089612B /* WDConstants.swift */ = {isa = PBXFileReference; lastKnownFileType = sourcecode.swift; path = WDConstants.swift; sourceTree = "<group>"; };
		2055EC3922A0CA710089612B /* WDEventViewModelProtocol.swift */ = {isa = PBXFileReference; lastKnownFileType = sourcecode.swift; path = WDEventViewModelProtocol.swift; sourceTree = "<group>"; };
		2055EC3B22A0CEBD0089612B /* WDEventViewControllerConfigurator.swift */ = {isa = PBXFileReference; lastKnownFileType = sourcecode.swift; path = WDEventViewControllerConfigurator.swift; sourceTree = "<group>"; };
		C70CA38622A00BC700CAF4B2 /* SF-Pro-Text-Regular.otf */ = {isa = PBXFileReference; lastKnownFileType = file; path = "SF-Pro-Text-Regular.otf"; sourceTree = "<group>"; };
		C70CA38722A00BC700CAF4B2 /* SF-Pro-Text-Medium.otf */ = {isa = PBXFileReference; lastKnownFileType = file; path = "SF-Pro-Text-Medium.otf"; sourceTree = "<group>"; };
		C70CA38822A00BC700CAF4B2 /* SF-Pro-Text-Semibold.otf */ = {isa = PBXFileReference; lastKnownFileType = file; path = "SF-Pro-Text-Semibold.otf"; sourceTree = "<group>"; };
		C70CA39122A0103100CAF4B2 /* WDEventDetailsViewController.swift */ = {isa = PBXFileReference; lastKnownFileType = sourcecode.swift; path = WDEventDetailsViewController.swift; sourceTree = "<group>"; };
		C7E30CA6229F008A001D4AAC /* WorldDevEvent.app */ = {isa = PBXFileReference; explicitFileType = wrapper.application; includeInIndex = 0; path = WorldDevEvent.app; sourceTree = BUILT_PRODUCTS_DIR; };
		C7E30CA9229F008A001D4AAC /* AppDelegate.swift */ = {isa = PBXFileReference; lastKnownFileType = sourcecode.swift; path = AppDelegate.swift; sourceTree = "<group>"; };
		C7E30CAB229F008A001D4AAC /* WDEventsViewController.swift */ = {isa = PBXFileReference; lastKnownFileType = sourcecode.swift; path = WDEventsViewController.swift; sourceTree = "<group>"; };
		C7E30CAE229F008A001D4AAC /* Base */ = {isa = PBXFileReference; lastKnownFileType = file.storyboard; name = Base; path = Base.lproj/WDScreens.storyboard; sourceTree = "<group>"; };
		C7E30CB0229F008B001D4AAC /* Assets.xcassets */ = {isa = PBXFileReference; lastKnownFileType = folder.assetcatalog; path = Assets.xcassets; sourceTree = "<group>"; };
		C7E30CB3229F008B001D4AAC /* Base */ = {isa = PBXFileReference; lastKnownFileType = file.storyboard; name = Base; path = Base.lproj/LaunchScreen.storyboard; sourceTree = "<group>"; };
		C7E30CB5229F008B001D4AAC /* Info.plist */ = {isa = PBXFileReference; lastKnownFileType = text.plist.xml; path = Info.plist; sourceTree = "<group>"; };
		C7E30CBE229F05C4001D4AAC /* WDEvent.swift */ = {isa = PBXFileReference; lastKnownFileType = sourcecode.swift; path = WDEvent.swift; sourceTree = "<group>"; };
		C7E30CC0229F0639001D4AAC /* WDListEventsCell.swift */ = {isa = PBXFileReference; lastKnownFileType = sourcecode.swift; path = WDListEventsCell.swift; sourceTree = "<group>"; };
		C7E30CC7229F1904001D4AAC /* WDEventsDataSource.swift */ = {isa = PBXFileReference; lastKnownFileType = sourcecode.swift; path = WDEventsDataSource.swift; sourceTree = "<group>"; };
/* End PBXFileReference section */

/* Begin PBXFrameworksBuildPhase section */
		C7E30CA3229F008A001D4AAC /* Frameworks */ = {
			isa = PBXFrameworksBuildPhase;
			buildActionMask = 2147483647;
			files = (
			);
			runOnlyForDeploymentPostprocessing = 0;
		};
/* End PBXFrameworksBuildPhase section */

/* Begin PBXGroup section */
		2004841422A116140019F2EF /* WDImageDownloadManager */ = {
			isa = PBXGroup;
			children = (
				2004841222A1133D0019F2EF /* WDImageDownloadManager.swift */,
				2004841522A116230019F2EF /* WDOperation.swift */,
			);
			path = WDImageDownloadManager;
			sourceTree = "<group>";
		};
		20095620229F3E830044CD32 /* viewModel */ = {
			isa = PBXGroup;
			children = (
				2009561E229F3E7F0044CD32 /* WDEventViewModel.swift */,
				2055EC3922A0CA710089612B /* WDEventViewModelProtocol.swift */,
			);
			path = viewModel;
			sourceTree = "<group>";
		};
		2055EC2622A0893F0089612B /* WDEventOnMap */ = {
			isa = PBXGroup;
			children = (
				2055EC3022A09C960089612B /* model */,
				2055EC3122A09C9D0089612B /* view */,
				2055EC2F22A09C8A0089612B /* viewModel */,
			);
			path = WDEventOnMap;
			sourceTree = "<group>";
		};
		2055EC2F22A09C8A0089612B /* viewModel */ = {
			isa = PBXGroup;
			children = (
				2055EC2B22A09C600089612B /* WDEventOnMapViewModel.swift */,
				2055EC2D22A09C7C0089612B /* WDEventOnMapViewModelProtocol.swift */,
			);
			path = viewModel;
			sourceTree = "<group>";
		};
		2055EC3022A09C960089612B /* model */ = {
			isa = PBXGroup;
			children = (
				2055EC2922A090300089612B /* WDEventAnnotation.swift */,
			);
			path = model;
			sourceTree = "<group>";
		};
		2055EC3122A09C9D0089612B /* view */ = {
			isa = PBXGroup;
			children = (
				2055EC2722A089B80089612B /* WDEventOnMapViewController.swift */,
			);
			path = view;
			sourceTree = "<group>";
		};
		2055EC3422A0BAFB0089612B /* viewModel */ = {
			isa = PBXGroup;
			children = (
				2055EC3222A0BACF0089612B /* WDEventDetailsViewModel.swift */,
				2055EC3522A0BB020089612B /* WDEventDetailsViewModelProtocol.swift */,
			);
			path = viewModel;
			sourceTree = "<group>";
		};
		C70CA38C22A00BCC00CAF4B2 /* fonts */ = {
			isa = PBXGroup;
			children = (
				C70CA38722A00BC700CAF4B2 /* SF-Pro-Text-Medium.otf */,
				C70CA38622A00BC700CAF4B2 /* SF-Pro-Text-Regular.otf */,
				C70CA38822A00BC700CAF4B2 /* SF-Pro-Text-Semibold.otf */,
			);
			path = fonts;
			sourceTree = "<group>";
		};
		C70CA38D22A00F9E00CAF4B2 /* WDEvents */ = {
			isa = PBXGroup;
			children = (
				2055EC3B22A0CEBD0089612B /* WDEventViewControllerConfigurator.swift */,
				C7E30CC5229F18B0001D4AAC /* model */,
				C7E30CC6229F18B6001D4AAC /* view */,
				20095620229F3E830044CD32 /* viewModel */,
			);
			path = WDEvents;
			sourceTree = "<group>";
		};
		C70CA39322A0105A00CAF4B2 /* WDEventDetails */ = {
			isa = PBXGroup;
			children = (
				C70CA39122A0103100CAF4B2 /* WDEventDetailsViewController.swift */,
				2055EC3422A0BAFB0089612B /* viewModel */,
			);
			path = WDEventDetails;
			sourceTree = "<group>";
		};
		C7E30C9D229F008A001D4AAC = {
			isa = PBXGroup;
			children = (
				C7E30CA8229F008A001D4AAC /* WorldDevEvent */,
				C7E30CA7229F008A001D4AAC /* Products */,
			);
			sourceTree = "<group>";
		};
		C7E30CA7229F008A001D4AAC /* Products */ = {
			isa = PBXGroup;
			children = (
				C7E30CA6229F008A001D4AAC /* WorldDevEvent.app */,
			);
			name = Products;
			sourceTree = "<group>";
		};
		C7E30CA8229F008A001D4AAC /* WorldDevEvent */ = {
			isa = PBXGroup;
			children = (
				C7E30CBD229F00B8001D4AAC /* storyboards */,
				C7E30CBB229F009E001D4AAC /* sources */,
				C7E30CBC229F00A8001D4AAC /* resources */,
			);
			path = WorldDevEvent;
			sourceTree = "<group>";
		};
		C7E30CBB229F009E001D4AAC /* sources */ = {
			isa = PBXGroup;
			children = (
				C7E30CA9229F008A001D4AAC /* AppDelegate.swift */,
				20095621229F3EA00044CD32 /* WDEventsAPI.swift */,
				2055EC3722A0BB8D0089612B /* WDConstants.swift */,
				2004841422A116140019F2EF /* WDImageDownloadManager */,
				C70CA38D22A00F9E00CAF4B2 /* WDEvents */,
				C70CA39322A0105A00CAF4B2 /* WDEventDetails */,
				2055EC2622A0893F0089612B /* WDEventOnMap */,
				C7E30CC4229F18A3001D4AAC /* extensions */,
			);
			path = sources;
			sourceTree = "<group>";
		};
		C7E30CBC229F00A8001D4AAC /* resources */ = {
			isa = PBXGroup;
			children = (
				C70CA38C22A00BCC00CAF4B2 /* fonts */,
				C7E30CB0229F008B001D4AAC /* Assets.xcassets */,
				C7E30CB5229F008B001D4AAC /* Info.plist */,
			);
			path = resources;
			sourceTree = "<group>";
		};
		C7E30CBD229F00B8001D4AAC /* storyboards */ = {
			isa = PBXGroup;
			children = (
				C7E30CAD229F008A001D4AAC /* WDScreens.storyboard */,
				C7E30CB2229F008B001D4AAC /* LaunchScreen.storyboard */,
			);
			path = storyboards;
			sourceTree = "<group>";
		};
		C7E30CC4229F18A3001D4AAC /* extensions */ = {
			isa = PBXGroup;
			children = (
				2004841022A110A00019F2EF /* UIViewController+extension.swift */,
			);
			path = extensions;
			sourceTree = "<group>";
		};
		C7E30CC5229F18B0001D4AAC /* model */ = {
			isa = PBXGroup;
			children = (
				C7E30CC7229F1904001D4AAC /* WDEventsDataSource.swift */,
				C7E30CBE229F05C4001D4AAC /* WDEvent.swift */,
				20095623229F42BD0044CD32 /* WDEvents.swift */,
			);
			path = model;
			sourceTree = "<group>";
		};
		C7E30CC6229F18B6001D4AAC /* view */ = {
			isa = PBXGroup;
			children = (
				C7E30CAB229F008A001D4AAC /* WDEventsViewController.swift */,
				C7E30CC0229F0639001D4AAC /* WDListEventsCell.swift */,
			);
			path = view;
			sourceTree = "<group>";
		};
/* End PBXGroup section */

/* Begin PBXNativeTarget section */
		C7E30CA5229F008A001D4AAC /* WorldDevEvent */ = {
			isa = PBXNativeTarget;
			buildConfigurationList = C7E30CB8229F008B001D4AAC /* Build configuration list for PBXNativeTarget "WorldDevEvent" */;
			buildPhases = (
				C7E30CA2229F008A001D4AAC /* Sources */,
				C7E30CA3229F008A001D4AAC /* Frameworks */,
				C7E30CA4229F008A001D4AAC /* Resources */,
			);
			buildRules = (
			);
			dependencies = (
			);
			name = WorldDevEvent;
			productName = WorldDevEvent;
			productReference = C7E30CA6229F008A001D4AAC /* WorldDevEvent.app */;
			productType = "com.apple.product-type.application";
		};
/* End PBXNativeTarget section */

/* Begin PBXProject section */
		C7E30C9E229F008A001D4AAC /* Project object */ = {
			isa = PBXProject;
			attributes = {
				LastSwiftUpdateCheck = 1010;
				LastUpgradeCheck = 1010;
				ORGANIZATIONNAME = vinso;
				TargetAttributes = {
					C7E30CA5229F008A001D4AAC = {
						CreatedOnToolsVersion = 10.1;
					};
				};
			};
			buildConfigurationList = C7E30CA1229F008A001D4AAC /* Build configuration list for PBXProject "WorldDevEvent" */;
			compatibilityVersion = "Xcode 9.3";
			developmentRegion = en;
			hasScannedForEncodings = 0;
			knownRegions = (
				en,
				Base,
			);
			mainGroup = C7E30C9D229F008A001D4AAC;
			productRefGroup = C7E30CA7229F008A001D4AAC /* Products */;
			projectDirPath = "";
			projectRoot = "";
			targets = (
				C7E30CA5229F008A001D4AAC /* WorldDevEvent */,
			);
		};
/* End PBXProject section */

/* Begin PBXResourcesBuildPhase section */
		C7E30CA4229F008A001D4AAC /* Resources */ = {
			isa = PBXResourcesBuildPhase;
			buildActionMask = 2147483647;
			files = (
				C70CA38B22A00BCA00CAF4B2 /* SF-Pro-Text-Semibold.otf in Resources */,
				C70CA38922A00BCA00CAF4B2 /* SF-Pro-Text-Medium.otf in Resources */,
				C70CA38A22A00BCA00CAF4B2 /* SF-Pro-Text-Regular.otf in Resources */,
				C7E30CB4229F008B001D4AAC /* LaunchScreen.storyboard in Resources */,
				C7E30CB1229F008B001D4AAC /* Assets.xcassets in Resources */,
				C7E30CAF229F008A001D4AAC /* WDScreens.storyboard in Resources */,
			);
			runOnlyForDeploymentPostprocessing = 0;
		};
/* End PBXResourcesBuildPhase section */

/* Begin PBXSourcesBuildPhase section */
		C7E30CA2229F008A001D4AAC /* Sources */ = {
			isa = PBXSourcesBuildPhase;
			buildActionMask = 2147483647;
			files = (
				2004841622A116230019F2EF /* WDOperation.swift in Sources */,
				20095622229F3EA00044CD32 /* WDEventsAPI.swift in Sources */,
				2055EC3822A0BB8D0089612B /* WDConstants.swift in Sources */,
				2004841322A1133D0019F2EF /* WDImageDownloadManager.swift in Sources */,
				2055EC3622A0BB020089612B /* WDEventDetailsViewModelProtocol.swift in Sources */,
				2055EC2E22A09C7C0089612B /* WDEventOnMapViewModelProtocol.swift in Sources */,
				2055EC3322A0BACF0089612B /* WDEventDetailsViewModel.swift in Sources */,
				2055EC2A22A090300089612B /* WDEventAnnotation.swift in Sources */,
				20095624229F42BD0044CD32 /* WDEvents.swift in Sources */,
				2055EC3C22A0CEBD0089612B /* WDEventViewControllerConfigurator.swift in Sources */,
				C7E30CC1229F0639001D4AAC /* WDListEventsCell.swift in Sources */,
				C7E30CC8229F1904001D4AAC /* WDEventsDataSource.swift in Sources */,
				C7E30CAC229F008A001D4AAC /* WDEventsViewController.swift in Sources */,
				2004841122A110A00019F2EF /* UIViewController+extension.swift in Sources */,
				2055EC2822A089B80089612B /* WDEventOnMapViewController.swift in Sources */,
				2009561F229F3E7F0044CD32 /* WDEventViewModel.swift in Sources */,
				C70CA39222A0103100CAF4B2 /* WDEventDetailsViewController.swift in Sources */,
				2055EC2C22A09C600089612B /* WDEventOnMapViewModel.swift in Sources */,
				C7E30CBF229F05C4001D4AAC /* WDEvent.swift in Sources */,
				2055EC3A22A0CA710089612B /* WDEventViewModelProtocol.swift in Sources */,
				C7E30CAA229F008A001D4AAC /* AppDelegate.swift in Sources */,
			);
			runOnlyForDeploymentPostprocessing = 0;
		};
/* End PBXSourcesBuildPhase section */

/* Begin PBXVariantGroup section */
		C7E30CAD229F008A001D4AAC /* WDScreens.storyboard */ = {
			isa = PBXVariantGroup;
			children = (
				C7E30CAE229F008A001D4AAC /* Base */,
			);
			name = WDScreens.storyboard;
			sourceTree = "<group>";
		};
		C7E30CB2229F008B001D4AAC /* LaunchScreen.storyboard */ = {
			isa = PBXVariantGroup;
			children = (
				C7E30CB3229F008B001D4AAC /* Base */,
			);
			name = LaunchScreen.storyboard;
			sourceTree = "<group>";
		};
/* End PBXVariantGroup section */

/* Begin XCBuildConfiguration section */
		C7E30CB6229F008B001D4AAC /* Debug */ = {
			isa = XCBuildConfiguration;
			buildSettings = {
				ALWAYS_SEARCH_USER_PATHS = NO;
				CLANG_ANALYZER_NONNULL = YES;
				CLANG_ANALYZER_NUMBER_OBJECT_CONVERSION = YES_AGGRESSIVE;
				CLANG_CXX_LANGUAGE_STANDARD = "gnu++14";
				CLANG_CXX_LIBRARY = "libc++";
				CLANG_ENABLE_MODULES = YES;
				CLANG_ENABLE_OBJC_ARC = YES;
				CLANG_ENABLE_OBJC_WEAK = YES;
				CLANG_WARN_BLOCK_CAPTURE_AUTORELEASING = YES;
				CLANG_WARN_BOOL_CONVERSION = YES;
				CLANG_WARN_COMMA = YES;
				CLANG_WARN_CONSTANT_CONVERSION = YES;
				CLANG_WARN_DEPRECATED_OBJC_IMPLEMENTATIONS = YES;
				CLANG_WARN_DIRECT_OBJC_ISA_USAGE = YES_ERROR;
				CLANG_WARN_DOCUMENTATION_COMMENTS = YES;
				CLANG_WARN_EMPTY_BODY = YES;
				CLANG_WARN_ENUM_CONVERSION = YES;
				CLANG_WARN_INFINITE_RECURSION = YES;
				CLANG_WARN_INT_CONVERSION = YES;
				CLANG_WARN_NON_LITERAL_NULL_CONVERSION = YES;
				CLANG_WARN_OBJC_IMPLICIT_RETAIN_SELF = YES;
				CLANG_WARN_OBJC_LITERAL_CONVERSION = YES;
				CLANG_WARN_OBJC_ROOT_CLASS = YES_ERROR;
				CLANG_WARN_RANGE_LOOP_ANALYSIS = YES;
				CLANG_WARN_STRICT_PROTOTYPES = YES;
				CLANG_WARN_SUSPICIOUS_MOVE = YES;
				CLANG_WARN_UNGUARDED_AVAILABILITY = YES_AGGRESSIVE;
				CLANG_WARN_UNREACHABLE_CODE = YES;
				CLANG_WARN__DUPLICATE_METHOD_MATCH = YES;
				CODE_SIGN_IDENTITY = "iPhone Developer";
				COPY_PHASE_STRIP = NO;
				DEBUG_INFORMATION_FORMAT = dwarf;
				ENABLE_STRICT_OBJC_MSGSEND = YES;
				ENABLE_TESTABILITY = YES;
				GCC_C_LANGUAGE_STANDARD = gnu11;
				GCC_DYNAMIC_NO_PIC = NO;
				GCC_NO_COMMON_BLOCKS = YES;
				GCC_OPTIMIZATION_LEVEL = 0;
				GCC_PREPROCESSOR_DEFINITIONS = (
					"DEBUG=1",
					"$(inherited)",
				);
				GCC_WARN_64_TO_32_BIT_CONVERSION = YES;
				GCC_WARN_ABOUT_RETURN_TYPE = YES_ERROR;
				GCC_WARN_UNDECLARED_SELECTOR = YES;
				GCC_WARN_UNINITIALIZED_AUTOS = YES_AGGRESSIVE;
				GCC_WARN_UNUSED_FUNCTION = YES;
				GCC_WARN_UNUSED_VARIABLE = YES;
				IPHONEOS_DEPLOYMENT_TARGET = 12.1;
				MTL_ENABLE_DEBUG_INFO = INCLUDE_SOURCE;
				MTL_FAST_MATH = YES;
				ONLY_ACTIVE_ARCH = YES;
				SDKROOT = iphoneos;
				SWIFT_ACTIVE_COMPILATION_CONDITIONS = DEBUG;
				SWIFT_OPTIMIZATION_LEVEL = "-Onone";
			};
			name = Debug;
		};
		C7E30CB7229F008B001D4AAC /* Release */ = {
			isa = XCBuildConfiguration;
			buildSettings = {
				ALWAYS_SEARCH_USER_PATHS = NO;
				CLANG_ANALYZER_NONNULL = YES;
				CLANG_ANALYZER_NUMBER_OBJECT_CONVERSION = YES_AGGRESSIVE;
				CLANG_CXX_LANGUAGE_STANDARD = "gnu++14";
				CLANG_CXX_LIBRARY = "libc++";
				CLANG_ENABLE_MODULES = YES;
				CLANG_ENABLE_OBJC_ARC = YES;
				CLANG_ENABLE_OBJC_WEAK = YES;
				CLANG_WARN_BLOCK_CAPTURE_AUTORELEASING = YES;
				CLANG_WARN_BOOL_CONVERSION = YES;
				CLANG_WARN_COMMA = YES;
				CLANG_WARN_CONSTANT_CONVERSION = YES;
				CLANG_WARN_DEPRECATED_OBJC_IMPLEMENTATIONS = YES;
				CLANG_WARN_DIRECT_OBJC_ISA_USAGE = YES_ERROR;
				CLANG_WARN_DOCUMENTATION_COMMENTS = YES;
				CLANG_WARN_EMPTY_BODY = YES;
				CLANG_WARN_ENUM_CONVERSION = YES;
				CLANG_WARN_INFINITE_RECURSION = YES;
				CLANG_WARN_INT_CONVERSION = YES;
				CLANG_WARN_NON_LITERAL_NULL_CONVERSION = YES;
				CLANG_WARN_OBJC_IMPLICIT_RETAIN_SELF = YES;
				CLANG_WARN_OBJC_LITERAL_CONVERSION = YES;
				CLANG_WARN_OBJC_ROOT_CLASS = YES_ERROR;
				CLANG_WARN_RANGE_LOOP_ANALYSIS = YES;
				CLANG_WARN_STRICT_PROTOTYPES = YES;
				CLANG_WARN_SUSPICIOUS_MOVE = YES;
				CLANG_WARN_UNGUARDED_AVAILABILITY = YES_AGGRESSIVE;
				CLANG_WARN_UNREACHABLE_CODE = YES;
				CLANG_WARN__DUPLICATE_METHOD_MATCH = YES;
				CODE_SIGN_IDENTITY = "iPhone Developer";
				COPY_PHASE_STRIP = NO;
				DEBUG_INFORMATION_FORMAT = "dwarf-with-dsym";
				ENABLE_NS_ASSERTIONS = NO;
				ENABLE_STRICT_OBJC_MSGSEND = YES;
				GCC_C_LANGUAGE_STANDARD = gnu11;
				GCC_NO_COMMON_BLOCKS = YES;
				GCC_WARN_64_TO_32_BIT_CONVERSION = YES;
				GCC_WARN_ABOUT_RETURN_TYPE = YES_ERROR;
				GCC_WARN_UNDECLARED_SELECTOR = YES;
				GCC_WARN_UNINITIALIZED_AUTOS = YES_AGGRESSIVE;
				GCC_WARN_UNUSED_FUNCTION = YES;
				GCC_WARN_UNUSED_VARIABLE = YES;
				IPHONEOS_DEPLOYMENT_TARGET = 12.1;
				MTL_ENABLE_DEBUG_INFO = NO;
				MTL_FAST_MATH = YES;
				SDKROOT = iphoneos;
				SWIFT_COMPILATION_MODE = wholemodule;
				SWIFT_OPTIMIZATION_LEVEL = "-O";
				VALIDATE_PRODUCT = YES;
			};
			name = Release;
		};
		C7E30CB9229F008B001D4AAC /* Debug */ = {
			isa = XCBuildConfiguration;
			buildSettings = {
				ASSETCATALOG_COMPILER_APPICON_NAME = AppIcon;
				CODE_SIGN_STYLE = Automatic;
				DEVELOPMENT_TEAM = RQ8948VJT6;
				INFOPLIST_EXPAND_BUILD_SETTINGS = YES;
				INFOPLIST_FILE = WorldDevEvent/resources/Info.plist;
				IPHONEOS_DEPLOYMENT_TARGET = 10.0;
				LD_RUNPATH_SEARCH_PATHS = (
					"$(inherited)",
					"@executable_path/Frameworks",
				);
				PRODUCT_BUNDLE_IDENTIFIER = vinso.WorldDevEvent;
				PRODUCT_NAME = "$(TARGET_NAME)";
				SWIFT_VERSION = 4.2;
				TARGETED_DEVICE_FAMILY = "1,2";
			};
			name = Debug;
		};
		C7E30CBA229F008B001D4AAC /* Release */ = {
			isa = XCBuildConfiguration;
			buildSettings = {
				ASSETCATALOG_COMPILER_APPICON_NAME = AppIcon;
				CODE_SIGN_STYLE = Automatic;
				DEVELOPMENT_TEAM = RQ8948VJT6;
				INFOPLIST_EXPAND_BUILD_SETTINGS = YES;
				INFOPLIST_FILE = WorldDevEvent/resources/Info.plist;
				IPHONEOS_DEPLOYMENT_TARGET = 10.0;
				LD_RUNPATH_SEARCH_PATHS = (
					"$(inherited)",
					"@executable_path/Frameworks",
				);
				PRODUCT_BUNDLE_IDENTIFIER = vinso.WorldDevEvent;
				PRODUCT_NAME = "$(TARGET_NAME)";
				SWIFT_VERSION = 4.2;
				TARGETED_DEVICE_FAMILY = "1,2";
			};
			name = Release;
		};
/* End XCBuildConfiguration section */

/* Begin XCConfigurationList section */
		C7E30CA1229F008A001D4AAC /* Build configuration list for PBXProject "WorldDevEvent" */ = {
			isa = XCConfigurationList;
			buildConfigurations = (
				C7E30CB6229F008B001D4AAC /* Debug */,
				C7E30CB7229F008B001D4AAC /* Release */,
			);
			defaultConfigurationIsVisible = 0;
			defaultConfigurationName = Release;
		};
		C7E30CB8229F008B001D4AAC /* Build configuration list for PBXNativeTarget "WorldDevEvent" */ = {
			isa = XCConfigurationList;
			buildConfigurations = (
				C7E30CB9229F008B001D4AAC /* Debug */,
				C7E30CBA229F008B001D4AAC /* Release */,
			);
			defaultConfigurationIsVisible = 0;
			defaultConfigurationName = Release;
		};
/* End XCConfigurationList section */
	};
	rootObject = C7E30C9E229F008A001D4AAC /* Project object */;
}
